
Microsoft Visual Studio Solution File, Format Version 12.00
# Visual Studio Version 17
VisualStudioVersion = 17.7.34018.315
MinimumVisualStudioVersion = 10.0.40219.1
Project("{FAE04EC0-301F-11D3-BF4B-00C04F79EFBC}") = "NorthWind.Entities", "NorthWind.Entities\NorthWind.Entities.csproj", "{41F18FF3-DFF9-4791-98EB-998B6D8A57A3}"
EndProject
Project("{FAE04EC0-301F-11D3-BF4B-00C04F79EFBC}") = "NorthWind.ConsoleApp", "NorthWind.ConsoleApp\NorthWind.ConsoleApp.csproj", "{543F06BB-A0DF-4938-AD33-DC7ADF319608}"
EndProject
Project("{FAE04EC0-301F-11D3-BF4B-00C04F79EFBC}") = "NorthWind.Writer", "NorthWind.Writer\NorthWind.Writer.csproj", "{985103C9-CD17-438A-B943-5FFB8118F22C}"
EndProject
Global
	GlobalSection(SolutionConfigurationPlatforms) = preSolution
		Debug|Any CPU = Debug|Any CPU
		Release|Any CPU = Release|Any CPU
	EndGlobalSection
	GlobalSection(ProjectConfigurationPlatforms) = postSolution
		{41F18FF3-DFF9-4791-98EB-998B6D8A57A3}.Debug|Any CPU.ActiveCfg = Debug|Any CPU
		{41F18FF3-DFF9-4791-98EB-998B6D8A57A3}.Debug|Any CPU.Build.0 = Debug|Any CPU
		{41F18FF3-DFF9-4791-98EB-998B6D8A57A3}.Release|Any CPU.ActiveCfg = Release|Any CPU
		{41F18FF3-DFF9-4791-98EB-998B6D8A57A3}.Release|Any CPU.Build.0 = Release|Any CPU
		{543F06BB-A0DF-4938-AD33-DC7ADF319608}.Debug|Any CPU.ActiveCfg = Debug|Any CPU
		{543F06BB-A0DF-4938-AD33-DC7ADF319608}.Debug|Any CPU.Build.0 = Debug|Any CPU
		{543F06BB-A0DF-4938-AD33-DC7ADF319608}.Release|Any CPU.ActiveCfg = Release|Any CPU
		{543F06BB-A0DF-4938-AD33-DC7ADF319608}.Release|Any CPU.Build.0 = Release|Any CPU
		{985103C9-CD17-438A-B943-5FFB8118F22C}.Debug|Any CPU.ActiveCfg = Debug|Any CPU
		{985103C9-CD17-438A-B943-5FFB8118F22C}.Debug|Any CPU.Build.0 = Debug|Any CPU
		{985103C9-CD17-438A-B943-5FFB8118F22C}.Release|Any CPU.ActiveCfg = Release|Any CPU
		{985103C9-CD17-438A-B943-5FFB8118F22C}.Release|Any CPU.Build.0 = Release|Any CPU
	EndGlobalSection
	GlobalSection(SolutionProperties) = preSolution
		HideSolutionNode = FALSE
	EndGlobalSection
	GlobalSection(ExtensibilityGlobals) = postSolution
		SolutionGuid = {F6333876-8BB0-4215-8788-6CD1FAD403FC}
	EndGlobalSection
EndGlobal
